
Microsoft Visual Studio Solution File, Format Version 12.00
# Visual Studio Version 16
VisualStudioVersion = 16.0.31424.327
MinimumVisualStudioVersion = 10.0.40219.1
Project("{9A19103F-16F7-4668-BE54-9A1E7A4F7556}") = "Authorization.Basics", "Authorization.Basics\Authorization.Basics.csproj", "{C58B2754-D97F-4D27-A955-674E69F67017}"
EndProject
Project("{FAE04EC0-301F-11D3-BF4B-00C04F79EFBC}") = "Authorization.Roles", "Authorization.Roles\Authorization.Roles.csproj", "{B81FA1E3-6928-4B94-90E4-6A3B1CEA1AE5}"
EndProject
Global
	GlobalSection(SolutionConfigurationPlatforms) = preSolution
		Debug|Any CPU = Debug|Any CPU
		Release|Any CPU = Release|Any CPU
	EndGlobalSection
	GlobalSection(ProjectConfigurationPlatforms) = postSolution
		{C58B2754-D97F-4D27-A955-674E69F67017}.Debug|Any CPU.ActiveCfg = Debug|Any CPU
		{C58B2754-D97F-4D27-A955-674E69F67017}.Debug|Any CPU.Build.0 = Debug|Any CPU
		{C58B2754-D97F-4D27-A955-674E69F67017}.Release|Any CPU.ActiveCfg = Release|Any CPU
		{C58B2754-D97F-4D27-A955-674E69F67017}.Release|Any CPU.Build.0 = Release|Any CPU
		{B81FA1E3-6928-4B94-90E4-6A3B1CEA1AE5}.Debug|Any CPU.ActiveCfg = Debug|Any CPU
		{B81FA1E3-6928-4B94-90E4-6A3B1CEA1AE5}.Debug|Any CPU.Build.0 = Debug|Any CPU
		{B81FA1E3-6928-4B94-90E4-6A3B1CEA1AE5}.Release|Any CPU.ActiveCfg = Release|Any CPU
		{B81FA1E3-6928-4B94-90E4-6A3B1CEA1AE5}.Release|Any CPU.Build.0 = Release|Any CPU
	EndGlobalSection
	GlobalSection(SolutionProperties) = preSolution
		HideSolutionNode = FALSE
	EndGlobalSection
	GlobalSection(ExtensibilityGlobals) = postSolution
		SolutionGuid = {E40E6DE9-B626-4E55-BFC9-A930693EC02E}
	EndGlobalSection
EndGlobal
